// !$*UTF8*$!
{
	archiveVersion = 1;
	classes = {
	};
	objectVersion = 46;
	objects = {

/* Begin PBXBuildFile section */
		4EC1C87316E2A08700E1D7C3 /* UIKit.framework in Frameworks */ = {isa = PBXBuildFile; fileRef = 4EC1C87216E2A08700E1D7C3 /* UIKit.framework */; };
		4EC1C87516E2A08700E1D7C3 /* Foundation.framework in Frameworks */ = {isa = PBXBuildFile; fileRef = 4EC1C87416E2A08700E1D7C3 /* Foundation.framework */; };
		4EC1C87716E2A08700E1D7C3 /* CoreGraphics.framework in Frameworks */ = {isa = PBXBuildFile; fileRef = 4EC1C87616E2A08700E1D7C3 /* CoreGraphics.framework */; };
		4EC1C87D16E2A08700E1D7C3 /* InfoPlist.strings in Resources */ = {isa = PBXBuildFile; fileRef = 4EC1C87B16E2A08700E1D7C3 /* InfoPlist.strings */; };
		4EC1C87F16E2A08700E1D7C3 /* main.m in Sources */ = {isa = PBXBuildFile; fileRef = 4EC1C87E16E2A08700E1D7C3 /* main.m */; };
		4EC1C88316E2A08700E1D7C3 /* AppDelegate.m in Sources */ = {isa = PBXBuildFile; fileRef = 4EC1C88216E2A08700E1D7C3 /* AppDelegate.m */; };
		4EC1C88516E2A08700E1D7C3 /* Default.png in Resources */ = {isa = PBXBuildFile; fileRef = 4EC1C88416E2A08700E1D7C3 /* Default.png */; };
		4EC1C88716E2A08700E1D7C3 /* Default@2x.png in Resources */ = {isa = PBXBuildFile; fileRef = 4EC1C88616E2A08700E1D7C3 /* Default@2x.png */; };
		4EC1C88916E2A08700E1D7C3 /* Default-568h@2x.png in Resources */ = {isa = PBXBuildFile; fileRef = 4EC1C88816E2A08700E1D7C3 /* Default-568h@2x.png */; };
		4EC1C88C16E2A08700E1D7C3 /* MainStoryboard.storyboard in Resources */ = {isa = PBXBuildFile; fileRef = 4EC1C88A16E2A08700E1D7C3 /* MainStoryboard.storyboard */; };
		4EC1C88F16E2A08700E1D7C3 /* ViewController.m in Sources */ = {isa = PBXBuildFile; fileRef = 4EC1C88E16E2A08700E1D7C3 /* ViewController.m */; };
		4EC1C89716E2A08700E1D7C3 /* SenTestingKit.framework in Frameworks */ = {isa = PBXBuildFile; fileRef = 4EC1C89616E2A08700E1D7C3 /* SenTestingKit.framework */; };
		4EC1C89816E2A08700E1D7C3 /* UIKit.framework in Frameworks */ = {isa = PBXBuildFile; fileRef = 4EC1C87216E2A08700E1D7C3 /* UIKit.framework */; };
		4EC1C89916E2A08700E1D7C3 /* Foundation.framework in Frameworks */ = {isa = PBXBuildFile; fileRef = 4EC1C87416E2A08700E1D7C3 /* Foundation.framework */; };
		4EC1C8A116E2A08700E1D7C3 /* InfoPlist.strings in Resources */ = {isa = PBXBuildFile; fileRef = 4EC1C89F16E2A08700E1D7C3 /* InfoPlist.strings */; };
		4EC1C8A416E2A08700E1D7C3 /* BlackmailBoxTests.m in Sources */ = {isa = PBXBuildFile; fileRef = 4EC1C8A316E2A08700E1D7C3 /* BlackmailBoxTests.m */; };
		4EC1C8B016E2A9FF00E1D7C3 /* PromiseViewController.m in Sources */ = {isa = PBXBuildFile; fileRef = 4EC1C8AF16E2A9FF00E1D7C3 /* PromiseViewController.m */; };
		4EC1C8B316E2B15700E1D7C3 /* BlackmailBox.xcdatamodeld in Sources */ = {isa = PBXBuildFile; fileRef = 4EC1C8B116E2B15700E1D7C3 /* BlackmailBox.xcdatamodeld */; };
		4EC1C8B716E2B1BE00E1D7C3 /* Promise.m in Sources */ = {isa = PBXBuildFile; fileRef = 4EC1C8B616E2B1BE00E1D7C3 /* Promise.m */; };
		4EC1C8B916E2B24F00E1D7C3 /* CoreData.framework in Frameworks */ = {isa = PBXBuildFile; fileRef = 4EC1C8B816E2B24F00E1D7C3 /* CoreData.framework */; };
		4EC1C8BC16E2B5FD00E1D7C3 /* Model.m in Sources */ = {isa = PBXBuildFile; fileRef = 4EC1C8BB16E2B5FD00E1D7C3 /* Model.m */; };
		4EC1C8BF16E2B95C00E1D7C3 /* PromiseDateViewController.m in Sources */ = {isa = PBXBuildFile; fileRef = 4EC1C8BE16E2B95C00E1D7C3 /* PromiseDateViewController.m */; };
		4EC1C90916E2C0DF00E1D7C3 /* BaseViewController.m in Sources */ = {isa = PBXBuildFile; fileRef = 4EC1C90816E2C0DF00E1D7C3 /* BaseViewController.m */; };
		4ECD07DB16E33FAD00A82D6B /* AVFoundation.framework in Frameworks */ = {isa = PBXBuildFile; fileRef = 4ECD07DA16E33FAD00A82D6B /* AVFoundation.framework */; };
		4ECD07DE16E33FC400A82D6B /* VideoViewController.m in Sources */ = {isa = PBXBuildFile; fileRef = 4ECD07DD16E33FC400A82D6B /* VideoViewController.m */; };
		4ECD07E616E33FCE00A82D6B /* AVCamCaptureManager.m in Sources */ = {isa = PBXBuildFile; fileRef = 4ECD07E116E33FCE00A82D6B /* AVCamCaptureManager.m */; };
		4ECD07E716E33FCE00A82D6B /* AVCamRecorder.m in Sources */ = {isa = PBXBuildFile; fileRef = 4ECD07E316E33FCE00A82D6B /* AVCamRecorder.m */; };
		4ECD07E816E33FCE00A82D6B /* AVCamUtilities.m in Sources */ = {isa = PBXBuildFile; fileRef = 4ECD07E516E33FCE00A82D6B /* AVCamUtilities.m */; };
		B91A029916E2FC980090DAF0 /* bg.png in Resources */ = {isa = PBXBuildFile; fileRef = B91A029816E2FC980090DAF0 /* bg.png */; };
		B91A029C16E3089C0090DAF0 /* FjallaOne-Regular.ttf in Resources */ = {isa = PBXBuildFile; fileRef = B91A029B16E3089C0090DAF0 /* FjallaOne-Regular.ttf */; };
		B91A029E16E30A020090DAF0 /* FjallaOne-Regular.ttf in Resources */ = {isa = PBXBuildFile; fileRef = B91A029D16E30A020090DAF0 /* FjallaOne-Regular.ttf */; };
		B91A029F16E30A020090DAF0 /* FjallaOne-Regular.ttf in Resources */ = {isa = PBXBuildFile; fileRef = B91A029D16E30A020090DAF0 /* FjallaOne-Regular.ttf */; };
/* End PBXBuildFile section */

/* Begin PBXContainerItemProxy section */
		4EC1C89A16E2A08700E1D7C3 /* PBXContainerItemProxy */ = {
			isa = PBXContainerItemProxy;
			containerPortal = 4EC1C86716E2A08700E1D7C3 /* Project object */;
			proxyType = 1;
			remoteGlobalIDString = 4EC1C86E16E2A08700E1D7C3;
			remoteInfo = BlackmailBox;
		};
/* End PBXContainerItemProxy section */

/* Begin PBXFileReference section */
		4EC1C86F16E2A08700E1D7C3 /* BlackmailBox.app */ = {isa = PBXFileReference; explicitFileType = wrapper.application; includeInIndex = 0; path = BlackmailBox.app; sourceTree = BUILT_PRODUCTS_DIR; };
		4EC1C87216E2A08700E1D7C3 /* UIKit.framework */ = {isa = PBXFileReference; lastKnownFileType = wrapper.framework; name = UIKit.framework; path = System/Library/Frameworks/UIKit.framework; sourceTree = SDKROOT; };
		4EC1C87416E2A08700E1D7C3 /* Foundation.framework */ = {isa = PBXFileReference; lastKnownFileType = wrapper.framework; name = Foundation.framework; path = System/Library/Frameworks/Foundation.framework; sourceTree = SDKROOT; };
		4EC1C87616E2A08700E1D7C3 /* CoreGraphics.framework */ = {isa = PBXFileReference; lastKnownFileType = wrapper.framework; name = CoreGraphics.framework; path = System/Library/Frameworks/CoreGraphics.framework; sourceTree = SDKROOT; };
		4EC1C87A16E2A08700E1D7C3 /* BlackmailBox-Info.plist */ = {isa = PBXFileReference; lastKnownFileType = text.plist.xml; path = "BlackmailBox-Info.plist"; sourceTree = "<group>"; };
		4EC1C87C16E2A08700E1D7C3 /* en */ = {isa = PBXFileReference; lastKnownFileType = text.plist.strings; name = en; path = en.lproj/InfoPlist.strings; sourceTree = "<group>"; };
		4EC1C87E16E2A08700E1D7C3 /* main.m */ = {isa = PBXFileReference; lastKnownFileType = sourcecode.c.objc; path = main.m; sourceTree = "<group>"; };
		4EC1C88016E2A08700E1D7C3 /* BlackmailBox-Prefix.pch */ = {isa = PBXFileReference; lastKnownFileType = sourcecode.c.h; path = "BlackmailBox-Prefix.pch"; sourceTree = "<group>"; };
		4EC1C88116E2A08700E1D7C3 /* AppDelegate.h */ = {isa = PBXFileReference; lastKnownFileType = sourcecode.c.h; path = AppDelegate.h; sourceTree = "<group>"; };
		4EC1C88216E2A08700E1D7C3 /* AppDelegate.m */ = {isa = PBXFileReference; lastKnownFileType = sourcecode.c.objc; path = AppDelegate.m; sourceTree = "<group>"; };
		4EC1C88416E2A08700E1D7C3 /* Default.png */ = {isa = PBXFileReference; lastKnownFileType = image.png; path = Default.png; sourceTree = "<group>"; };
		4EC1C88616E2A08700E1D7C3 /* Default@2x.png */ = {isa = PBXFileReference; lastKnownFileType = image.png; path = "Default@2x.png"; sourceTree = "<group>"; };
		4EC1C88816E2A08700E1D7C3 /* Default-568h@2x.png */ = {isa = PBXFileReference; lastKnownFileType = image.png; path = "Default-568h@2x.png"; sourceTree = "<group>"; };
		4EC1C88B16E2A08700E1D7C3 /* en */ = {isa = PBXFileReference; lastKnownFileType = file.storyboard; name = en; path = en.lproj/MainStoryboard.storyboard; sourceTree = "<group>"; };
		4EC1C88D16E2A08700E1D7C3 /* ViewController.h */ = {isa = PBXFileReference; lastKnownFileType = sourcecode.c.h; path = ViewController.h; sourceTree = "<group>"; };
		4EC1C88E16E2A08700E1D7C3 /* ViewController.m */ = {isa = PBXFileReference; lastKnownFileType = sourcecode.c.objc; path = ViewController.m; sourceTree = "<group>"; };
		4EC1C89516E2A08700E1D7C3 /* BlackmailBoxTests.octest */ = {isa = PBXFileReference; explicitFileType = wrapper.cfbundle; includeInIndex = 0; path = BlackmailBoxTests.octest; sourceTree = BUILT_PRODUCTS_DIR; };
		4EC1C89616E2A08700E1D7C3 /* SenTestingKit.framework */ = {isa = PBXFileReference; lastKnownFileType = wrapper.framework; name = SenTestingKit.framework; path = Library/Frameworks/SenTestingKit.framework; sourceTree = DEVELOPER_DIR; };
		4EC1C89E16E2A08700E1D7C3 /* BlackmailBoxTests-Info.plist */ = {isa = PBXFileReference; lastKnownFileType = text.plist.xml; path = "BlackmailBoxTests-Info.plist"; sourceTree = "<group>"; };
		4EC1C8A016E2A08700E1D7C3 /* en */ = {isa = PBXFileReference; lastKnownFileType = text.plist.strings; name = en; path = en.lproj/InfoPlist.strings; sourceTree = "<group>"; };
		4EC1C8A216E2A08700E1D7C3 /* BlackmailBoxTests.h */ = {isa = PBXFileReference; lastKnownFileType = sourcecode.c.h; path = BlackmailBoxTests.h; sourceTree = "<group>"; };
		4EC1C8A316E2A08700E1D7C3 /* BlackmailBoxTests.m */ = {isa = PBXFileReference; lastKnownFileType = sourcecode.c.objc; path = BlackmailBoxTests.m; sourceTree = "<group>"; };
		4EC1C8AE16E2A9FF00E1D7C3 /* PromiseViewController.h */ = {isa = PBXFileReference; fileEncoding = 4; lastKnownFileType = sourcecode.c.h; name = PromiseViewController.h; path = ViewControllers/PromiseViewController.h; sourceTree = "<group>"; };
		4EC1C8AF16E2A9FF00E1D7C3 /* PromiseViewController.m */ = {isa = PBXFileReference; fileEncoding = 4; lastKnownFileType = sourcecode.c.objc; name = PromiseViewController.m; path = ViewControllers/PromiseViewController.m; sourceTree = "<group>"; };
		4EC1C8B216E2B15700E1D7C3 /* BlackmailBox.xcdatamodel */ = {isa = PBXFileReference; lastKnownFileType = wrapper.xcdatamodel; path = BlackmailBox.xcdatamodel; sourceTree = "<group>"; };
		4EC1C8B516E2B1BE00E1D7C3 /* Promise.h */ = {isa = PBXFileReference; fileEncoding = 4; lastKnownFileType = sourcecode.c.h; name = Promise.h; path = Models/Promise.h; sourceTree = "<group>"; };
		4EC1C8B616E2B1BE00E1D7C3 /* Promise.m */ = {isa = PBXFileReference; fileEncoding = 4; lastKnownFileType = sourcecode.c.objc; name = Promise.m; path = Models/Promise.m; sourceTree = "<group>"; };
		4EC1C8B816E2B24F00E1D7C3 /* CoreData.framework */ = {isa = PBXFileReference; lastKnownFileType = wrapper.framework; name = CoreData.framework; path = System/Library/Frameworks/CoreData.framework; sourceTree = SDKROOT; };
		4EC1C8BA16E2B5FD00E1D7C3 /* Model.h */ = {isa = PBXFileReference; fileEncoding = 4; lastKnownFileType = sourcecode.c.h; name = Model.h; path = Models/Model.h; sourceTree = "<group>"; };
		4EC1C8BB16E2B5FD00E1D7C3 /* Model.m */ = {isa = PBXFileReference; fileEncoding = 4; lastKnownFileType = sourcecode.c.objc; name = Model.m; path = Models/Model.m; sourceTree = "<group>"; };
		4EC1C8BD16E2B95C00E1D7C3 /* PromiseDateViewController.h */ = {isa = PBXFileReference; fileEncoding = 4; lastKnownFileType = sourcecode.c.h; name = PromiseDateViewController.h; path = ViewControllers/PromiseDateViewController.h; sourceTree = "<group>"; };
		4EC1C8BE16E2B95C00E1D7C3 /* PromiseDateViewController.m */ = {isa = PBXFileReference; fileEncoding = 4; lastKnownFileType = sourcecode.c.objc; name = PromiseDateViewController.m; path = ViewControllers/PromiseDateViewController.m; sourceTree = "<group>"; };
		4EC1C90716E2C0DF00E1D7C3 /* BaseViewController.h */ = {isa = PBXFileReference; fileEncoding = 4; lastKnownFileType = sourcecode.c.h; name = BaseViewController.h; path = ViewControllers/BaseViewController.h; sourceTree = "<group>"; };
		4EC1C90816E2C0DF00E1D7C3 /* BaseViewController.m */ = {isa = PBXFileReference; fileEncoding = 4; lastKnownFileType = sourcecode.c.objc; name = BaseViewController.m; path = ViewControllers/BaseViewController.m; sourceTree = "<group>"; };
		4ECD07DA16E33FAD00A82D6B /* AVFoundation.framework */ = {isa = PBXFileReference; lastKnownFileType = wrapper.framework; name = AVFoundation.framework; path = System/Library/Frameworks/AVFoundation.framework; sourceTree = SDKROOT; };
		4ECD07DC16E33FC400A82D6B /* VideoViewController.h */ = {isa = PBXFileReference; fileEncoding = 4; lastKnownFileType = sourcecode.c.h; name = VideoViewController.h; path = ViewControllers/VideoViewController.h; sourceTree = "<group>"; };
		4ECD07DD16E33FC400A82D6B /* VideoViewController.m */ = {isa = PBXFileReference; fileEncoding = 4; lastKnownFileType = sourcecode.c.objc; name = VideoViewController.m; path = ViewControllers/VideoViewController.m; sourceTree = "<group>"; };
		4ECD07E016E33FCE00A82D6B /* AVCamCaptureManager.h */ = {isa = PBXFileReference; fileEncoding = 4; lastKnownFileType = sourcecode.c.h; path = AVCamCaptureManager.h; sourceTree = "<group>"; };
		4ECD07E116E33FCE00A82D6B /* AVCamCaptureManager.m */ = {isa = PBXFileReference; fileEncoding = 4; lastKnownFileType = sourcecode.c.objc; path = AVCamCaptureManager.m; sourceTree = "<group>"; };
		4ECD07E216E33FCE00A82D6B /* AVCamRecorder.h */ = {isa = PBXFileReference; fileEncoding = 4; lastKnownFileType = sourcecode.c.h; path = AVCamRecorder.h; sourceTree = "<group>"; };
		4ECD07E316E33FCE00A82D6B /* AVCamRecorder.m */ = {isa = PBXFileReference; fileEncoding = 4; lastKnownFileType = sourcecode.c.objc; path = AVCamRecorder.m; sourceTree = "<group>"; };
		4ECD07E416E33FCE00A82D6B /* AVCamUtilities.h */ = {isa = PBXFileReference; fileEncoding = 4; lastKnownFileType = sourcecode.c.h; path = AVCamUtilities.h; sourceTree = "<group>"; };
		4ECD07E516E33FCE00A82D6B /* AVCamUtilities.m */ = {isa = PBXFileReference; fileEncoding = 4; lastKnownFileType = sourcecode.c.objc; path = AVCamUtilities.m; sourceTree = "<group>"; };
		B91A029816E2FC980090DAF0 /* bg.png */ = {isa = PBXFileReference; lastKnownFileType = image.png; name = bg.png; path = Assets/bg.png; sourceTree = "<group>"; };
		B91A029B16E3089C0090DAF0 /* FjallaOne-Regular.ttf */ = {isa = PBXFileReference; lastKnownFileType = file; name = "FjallaOne-Regular.ttf"; path = "Assets/FjallaOne-Regular.ttf"; sourceTree = "<group>"; };
		B91A029D16E30A020090DAF0 /* FjallaOne-Regular.ttf */ = {isa = PBXFileReference; lastKnownFileType = file; path = "FjallaOne-Regular.ttf"; sourceTree = "<group>"; };
/* End PBXFileReference section */

/* Begin PBXFrameworksBuildPhase section */
		4EC1C86C16E2A08700E1D7C3 /* Frameworks */ = {
			isa = PBXFrameworksBuildPhase;
			buildActionMask = 2147483647;
			files = (
				4ECD07DB16E33FAD00A82D6B /* AVFoundation.framework in Frameworks */,
				4EC1C8B916E2B24F00E1D7C3 /* CoreData.framework in Frameworks */,
				4EC1C87316E2A08700E1D7C3 /* UIKit.framework in Frameworks */,
				4EC1C87516E2A08700E1D7C3 /* Foundation.framework in Frameworks */,
				4EC1C87716E2A08700E1D7C3 /* CoreGraphics.framework in Frameworks */,
			);
			runOnlyForDeploymentPostprocessing = 0;
		};
		4EC1C89116E2A08700E1D7C3 /* Frameworks */ = {
			isa = PBXFrameworksBuildPhase;
			buildActionMask = 2147483647;
			files = (
				4EC1C89716E2A08700E1D7C3 /* SenTestingKit.framework in Frameworks */,
				4EC1C89816E2A08700E1D7C3 /* UIKit.framework in Frameworks */,
				4EC1C89916E2A08700E1D7C3 /* Foundation.framework in Frameworks */,
			);
			runOnlyForDeploymentPostprocessing = 0;
		};
/* End PBXFrameworksBuildPhase section */

/* Begin PBXGroup section */
		4EC1C86616E2A08700E1D7C3 = {
			isa = PBXGroup;
			children = (
				4ECD07DA16E33FAD00A82D6B /* AVFoundation.framework */,
				B91A029D16E30A020090DAF0 /* FjallaOne-Regular.ttf */,
				4EC1C87816E2A08700E1D7C3 /* BlackmailBox */,
				4EC1C89C16E2A08700E1D7C3 /* BlackmailBoxTests */,
				4EC1C87116E2A08700E1D7C3 /* Frameworks */,
				4EC1C87016E2A08700E1D7C3 /* Products */,
			);
			sourceTree = "<group>";
		};
		4EC1C87016E2A08700E1D7C3 /* Products */ = {
			isa = PBXGroup;
			children = (
				4EC1C86F16E2A08700E1D7C3 /* BlackmailBox.app */,
				4EC1C89516E2A08700E1D7C3 /* BlackmailBoxTests.octest */,
			);
			name = Products;
			sourceTree = "<group>";
		};
		4EC1C87116E2A08700E1D7C3 /* Frameworks */ = {
			isa = PBXGroup;
			children = (
				4EC1C8B816E2B24F00E1D7C3 /* CoreData.framework */,
				4EC1C87216E2A08700E1D7C3 /* UIKit.framework */,
				4EC1C87416E2A08700E1D7C3 /* Foundation.framework */,
				4EC1C87616E2A08700E1D7C3 /* CoreGraphics.framework */,
				4EC1C89616E2A08700E1D7C3 /* SenTestingKit.framework */,
			);
			name = Frameworks;
			sourceTree = "<group>";
		};
		4EC1C87816E2A08700E1D7C3 /* BlackmailBox */ = {
			isa = PBXGroup;
			children = (
				4EC1C88116E2A08700E1D7C3 /* AppDelegate.h */,
				4EC1C88216E2A08700E1D7C3 /* AppDelegate.m */,
				4EC1C8B416E2B16100E1D7C3 /* Models */,
				4EC1C8AD16E2A9D900E1D7C3 /* ViewControllers */,
				4ECD07DF16E33FCE00A82D6B /* Video */,
				4EC1C88A16E2A08700E1D7C3 /* MainStoryboard.storyboard */,
				4EC1C88D16E2A08700E1D7C3 /* ViewController.h */,
				B91A029A16E2FCA20090DAF0 /* Resources */,
				4EC1C88E16E2A08700E1D7C3 /* ViewController.m */,
				4EC1C87916E2A08700E1D7C3 /* Supporting Files */,
			);
			path = BlackmailBox;
			sourceTree = "<group>";
		};
		4EC1C87916E2A08700E1D7C3 /* Supporting Files */ = {
			isa = PBXGroup;
			children = (
				4EC1C87A16E2A08700E1D7C3 /* BlackmailBox-Info.plist */,
				4EC1C87B16E2A08700E1D7C3 /* InfoPlist.strings */,
				4EC1C87E16E2A08700E1D7C3 /* main.m */,
				4EC1C88016E2A08700E1D7C3 /* BlackmailBox-Prefix.pch */,
				4EC1C88416E2A08700E1D7C3 /* Default.png */,
				4EC1C88616E2A08700E1D7C3 /* Default@2x.png */,
				4EC1C88816E2A08700E1D7C3 /* Default-568h@2x.png */,
			);
			name = "Supporting Files";
			sourceTree = "<group>";
		};
		4EC1C89C16E2A08700E1D7C3 /* BlackmailBoxTests */ = {
			isa = PBXGroup;
			children = (
				4EC1C8A216E2A08700E1D7C3 /* BlackmailBoxTests.h */,
				4EC1C8A316E2A08700E1D7C3 /* BlackmailBoxTests.m */,
				4EC1C89D16E2A08700E1D7C3 /* Supporting Files */,
			);
			path = BlackmailBoxTests;
			sourceTree = "<group>";
		};
		4EC1C89D16E2A08700E1D7C3 /* Supporting Files */ = {
			isa = PBXGroup;
			children = (
				4EC1C89E16E2A08700E1D7C3 /* BlackmailBoxTests-Info.plist */,
				4EC1C89F16E2A08700E1D7C3 /* InfoPlist.strings */,
			);
			name = "Supporting Files";
			sourceTree = "<group>";
		};
		4EC1C8AD16E2A9D900E1D7C3 /* ViewControllers */ = {
			isa = PBXGroup;
			children = (
				4ECD07DC16E33FC400A82D6B /* VideoViewController.h */,
				4ECD07DD16E33FC400A82D6B /* VideoViewController.m */,
				4EC1C8AE16E2A9FF00E1D7C3 /* PromiseViewController.h */,
				4EC1C8AF16E2A9FF00E1D7C3 /* PromiseViewController.m */,
				4EC1C8BD16E2B95C00E1D7C3 /* PromiseDateViewController.h */,
				4EC1C8BE16E2B95C00E1D7C3 /* PromiseDateViewController.m */,
				4EC1C90716E2C0DF00E1D7C3 /* BaseViewController.h */,
				4EC1C90816E2C0DF00E1D7C3 /* BaseViewController.m */,
			);
			name = ViewControllers;
			sourceTree = "<group>";
		};
		4EC1C8B416E2B16100E1D7C3 /* Models */ = {
			isa = PBXGroup;
			children = (
				4EC1C8B116E2B15700E1D7C3 /* BlackmailBox.xcdatamodeld */,
				4EC1C8B516E2B1BE00E1D7C3 /* Promise.h */,
				4EC1C8B616E2B1BE00E1D7C3 /* Promise.m */,
				4EC1C8BA16E2B5FD00E1D7C3 /* Model.h */,
				4EC1C8BB16E2B5FD00E1D7C3 /* Model.m */,
			);
			name = Models;
			sourceTree = "<group>";
		};
		4ECD07DF16E33FCE00A82D6B /* Video */ = {
			isa = PBXGroup;
			children = (
				4ECD07E016E33FCE00A82D6B /* AVCamCaptureManager.h */,
				4ECD07E116E33FCE00A82D6B /* AVCamCaptureManager.m */,
				4ECD07E216E33FCE00A82D6B /* AVCamRecorder.h */,
				4ECD07E316E33FCE00A82D6B /* AVCamRecorder.m */,
				4ECD07E416E33FCE00A82D6B /* AVCamUtilities.h */,
				4ECD07E516E33FCE00A82D6B /* AVCamUtilities.m */,
			);
			path = Video;
			sourceTree = "<group>";
		};
		B91A029A16E2FCA20090DAF0 /* Resources */ = {
			isa = PBXGroup;
			children = (
				B91A029B16E3089C0090DAF0 /* FjallaOne-Regular.ttf */,
				B91A029816E2FC980090DAF0 /* bg.png */,
			);
			name = Resources;
			sourceTree = "<group>";
		};
/* End PBXGroup section */

/* Begin PBXNativeTarget section */
		4EC1C86E16E2A08700E1D7C3 /* BlackmailBox */ = {
			isa = PBXNativeTarget;
			buildConfigurationList = 4EC1C8A716E2A08700E1D7C3 /* Build configuration list for PBXNativeTarget "BlackmailBox" */;
			buildPhases = (
				4EC1C86B16E2A08700E1D7C3 /* Sources */,
				4EC1C86C16E2A08700E1D7C3 /* Frameworks */,
				4EC1C86D16E2A08700E1D7C3 /* Resources */,
			);
			buildRules = (
			);
			dependencies = (
			);
			name = BlackmailBox;
			productName = BlackmailBox;
			productReference = 4EC1C86F16E2A08700E1D7C3 /* BlackmailBox.app */;
			productType = "com.apple.product-type.application";
		};
		4EC1C89416E2A08700E1D7C3 /* BlackmailBoxTests */ = {
			isa = PBXNativeTarget;
			buildConfigurationList = 4EC1C8AA16E2A08700E1D7C3 /* Build configuration list for PBXNativeTarget "BlackmailBoxTests" */;
			buildPhases = (
				4EC1C89016E2A08700E1D7C3 /* Sources */,
				4EC1C89116E2A08700E1D7C3 /* Frameworks */,
				4EC1C89216E2A08700E1D7C3 /* Resources */,
				4EC1C89316E2A08700E1D7C3 /* ShellScript */,
			);
			buildRules = (
			);
			dependencies = (
				4EC1C89B16E2A08700E1D7C3 /* PBXTargetDependency */,
			);
			name = BlackmailBoxTests;
			productName = BlackmailBoxTests;
			productReference = 4EC1C89516E2A08700E1D7C3 /* BlackmailBoxTests.octest */;
			productType = "com.apple.product-type.bundle";
		};
/* End PBXNativeTarget section */

/* Begin PBXProject section */
		4EC1C86716E2A08700E1D7C3 /* Project object */ = {
			isa = PBXProject;
			attributes = {
				LastUpgradeCheck = 0460;
				ORGANIZATIONNAME = BlackmailBox;
			};
			buildConfigurationList = 4EC1C86A16E2A08700E1D7C3 /* Build configuration list for PBXProject "BlackmailBox" */;
			compatibilityVersion = "Xcode 3.2";
			developmentRegion = English;
			hasScannedForEncodings = 0;
			knownRegions = (
				en,
			);
			mainGroup = 4EC1C86616E2A08700E1D7C3;
			productRefGroup = 4EC1C87016E2A08700E1D7C3 /* Products */;
			projectDirPath = "";
			projectRoot = "";
			targets = (
				4EC1C86E16E2A08700E1D7C3 /* BlackmailBox */,
				4EC1C89416E2A08700E1D7C3 /* BlackmailBoxTests */,
			);
		};
/* End PBXProject section */

/* Begin PBXResourcesBuildPhase section */
		4EC1C86D16E2A08700E1D7C3 /* Resources */ = {
			isa = PBXResourcesBuildPhase;
			buildActionMask = 2147483647;
			files = (
				4EC1C87D16E2A08700E1D7C3 /* InfoPlist.strings in Resources */,
				4EC1C88516E2A08700E1D7C3 /* Default.png in Resources */,
				4EC1C88716E2A08700E1D7C3 /* Default@2x.png in Resources */,
				4EC1C88916E2A08700E1D7C3 /* Default-568h@2x.png in Resources */,
				4EC1C88C16E2A08700E1D7C3 /* MainStoryboard.storyboard in Resources */,
				B91A029916E2FC980090DAF0 /* bg.png in Resources */,
				B91A029C16E3089C0090DAF0 /* FjallaOne-Regular.ttf in Resources */,
				B91A029E16E30A020090DAF0 /* FjallaOne-Regular.ttf in Resources */,
			);
			runOnlyForDeploymentPostprocessing = 0;
		};
		4EC1C89216E2A08700E1D7C3 /* Resources */ = {
			isa = PBXResourcesBuildPhase;
			buildActionMask = 2147483647;
			files = (
				4EC1C8A116E2A08700E1D7C3 /* InfoPlist.strings in Resources */,
				B91A029F16E30A020090DAF0 /* FjallaOne-Regular.ttf in Resources */,
			);
			runOnlyForDeploymentPostprocessing = 0;
		};
/* End PBXResourcesBuildPhase section */

/* Begin PBXShellScriptBuildPhase section */
		4EC1C89316E2A08700E1D7C3 /* ShellScript */ = {
			isa = PBXShellScriptBuildPhase;
			buildActionMask = 2147483647;
			files = (
			);
			inputPaths = (
			);
			outputPaths = (
			);
			runOnlyForDeploymentPostprocessing = 0;
			shellPath = /bin/sh;
			shellScript = "# Run the unit tests in this test bundle.\n\"${SYSTEM_DEVELOPER_DIR}/Tools/RunUnitTests\"\n";
		};
/* End PBXShellScriptBuildPhase section */

/* Begin PBXSourcesBuildPhase section */
		4EC1C86B16E2A08700E1D7C3 /* Sources */ = {
			isa = PBXSourcesBuildPhase;
			buildActionMask = 2147483647;
			files = (
				4EC1C87F16E2A08700E1D7C3 /* main.m in Sources */,
				4EC1C88316E2A08700E1D7C3 /* AppDelegate.m in Sources */,
				4EC1C88F16E2A08700E1D7C3 /* ViewController.m in Sources */,
				4EC1C8B016E2A9FF00E1D7C3 /* PromiseViewController.m in Sources */,
				4EC1C8B316E2B15700E1D7C3 /* BlackmailBox.xcdatamodeld in Sources */,
				4EC1C8B716E2B1BE00E1D7C3 /* Promise.m in Sources */,
				4EC1C8BC16E2B5FD00E1D7C3 /* Model.m in Sources */,
				4EC1C8BF16E2B95C00E1D7C3 /* PromiseDateViewController.m in Sources */,
				4EC1C90916E2C0DF00E1D7C3 /* BaseViewController.m in Sources */,
				4ECD07DE16E33FC400A82D6B /* VideoViewController.m in Sources */,
				4ECD07E616E33FCE00A82D6B /* AVCamCaptureManager.m in Sources */,
				4ECD07E716E33FCE00A82D6B /* AVCamRecorder.m in Sources */,
				4ECD07E816E33FCE00A82D6B /* AVCamUtilities.m in Sources */,
			);
			runOnlyForDeploymentPostprocessing = 0;
		};
		4EC1C89016E2A08700E1D7C3 /* Sources */ = {
			isa = PBXSourcesBuildPhase;
			buildActionMask = 2147483647;
			files = (
				4EC1C8A416E2A08700E1D7C3 /* BlackmailBoxTests.m in Sources */,
			);
			runOnlyForDeploymentPostprocessing = 0;
		};
/* End PBXSourcesBuildPhase section */

/* Begin PBXTargetDependency section */
		4EC1C89B16E2A08700E1D7C3 /* PBXTargetDependency */ = {
			isa = PBXTargetDependency;
			target = 4EC1C86E16E2A08700E1D7C3 /* BlackmailBox */;
			targetProxy = 4EC1C89A16E2A08700E1D7C3 /* PBXContainerItemProxy */;
		};
/* End PBXTargetDependency section */

/* Begin PBXVariantGroup section */
		4EC1C87B16E2A08700E1D7C3 /* InfoPlist.strings */ = {
			isa = PBXVariantGroup;
			children = (
				4EC1C87C16E2A08700E1D7C3 /* en */,
			);
			name = InfoPlist.strings;
			sourceTree = "<group>";
		};
		4EC1C88A16E2A08700E1D7C3 /* MainStoryboard.storyboard */ = {
			isa = PBXVariantGroup;
			children = (
				4EC1C88B16E2A08700E1D7C3 /* en */,
			);
			name = MainStoryboard.storyboard;
			sourceTree = "<group>";
		};
		4EC1C89F16E2A08700E1D7C3 /* InfoPlist.strings */ = {
			isa = PBXVariantGroup;
			children = (
				4EC1C8A016E2A08700E1D7C3 /* en */,
			);
			name = InfoPlist.strings;
			sourceTree = "<group>";
		};
/* End PBXVariantGroup section */

/* Begin XCBuildConfiguration section */
		4EC1C8A516E2A08700E1D7C3 /* Debug */ = {
			isa = XCBuildConfiguration;
			buildSettings = {
				ALWAYS_SEARCH_USER_PATHS = NO;
				CLANG_CXX_LANGUAGE_STANDARD = "gnu++0x";
				CLANG_CXX_LIBRARY = "libc++";
				CLANG_ENABLE_OBJC_ARC = YES;
				CLANG_WARN_CONSTANT_CONVERSION = YES;
				CLANG_WARN_EMPTY_BODY = YES;
				CLANG_WARN_ENUM_CONVERSION = YES;
				CLANG_WARN_INT_CONVERSION = YES;
				CLANG_WARN__DUPLICATE_METHOD_MATCH = YES;
				"CODE_SIGN_IDENTITY[sdk=iphoneos*]" = "iPhone Developer";
				COPY_PHASE_STRIP = NO;
				GCC_C_LANGUAGE_STANDARD = gnu99;
				GCC_DYNAMIC_NO_PIC = NO;
				GCC_OPTIMIZATION_LEVEL = 0;
				GCC_PREPROCESSOR_DEFINITIONS = (
					"DEBUG=1",
					"$(inherited)",
				);
				GCC_SYMBOLS_PRIVATE_EXTERN = NO;
				GCC_WARN_ABOUT_RETURN_TYPE = YES;
				GCC_WARN_UNINITIALIZED_AUTOS = YES;
				GCC_WARN_UNUSED_VARIABLE = YES;
				IPHONEOS_DEPLOYMENT_TARGET = 6.1;
				ONLY_ACTIVE_ARCH = YES;
				SDKROOT = iphoneos;
			};
			name = Debug;
		};
		4EC1C8A616E2A08700E1D7C3 /* Release */ = {
			isa = XCBuildConfiguration;
			buildSettings = {
				ALWAYS_SEARCH_USER_PATHS = NO;
				CLANG_CXX_LANGUAGE_STANDARD = "gnu++0x";
				CLANG_CXX_LIBRARY = "libc++";
				CLANG_ENABLE_OBJC_ARC = YES;
				CLANG_WARN_CONSTANT_CONVERSION = YES;
				CLANG_WARN_EMPTY_BODY = YES;
				CLANG_WARN_ENUM_CONVERSION = YES;
				CLANG_WARN_INT_CONVERSION = YES;
				CLANG_WARN__DUPLICATE_METHOD_MATCH = YES;
				"CODE_SIGN_IDENTITY[sdk=iphoneos*]" = "iPhone Developer";
				COPY_PHASE_STRIP = YES;
				GCC_C_LANGUAGE_STANDARD = gnu99;
				GCC_WARN_ABOUT_RETURN_TYPE = YES;
				GCC_WARN_UNINITIALIZED_AUTOS = YES;
				GCC_WARN_UNUSED_VARIABLE = YES;
				IPHONEOS_DEPLOYMENT_TARGET = 6.1;
				OTHER_CFLAGS = "-DNS_BLOCK_ASSERTIONS=1";
				SDKROOT = iphoneos;
				VALIDATE_PRODUCT = YES;
			};
			name = Release;
		};
		4EC1C8A816E2A08700E1D7C3 /* Debug */ = {
			isa = XCBuildConfiguration;
			buildSettings = {
				GCC_PRECOMPILE_PREFIX_HEADER = YES;
				GCC_PREFIX_HEADER = "BlackmailBox/BlackmailBox-Prefix.pch";
				INFOPLIST_FILE = "BlackmailBox/BlackmailBox-Info.plist";
				PRODUCT_NAME = "$(TARGET_NAME)";
				WRAPPER_EXTENSION = app;
			};
			name = Debug;
		};
		4EC1C8A916E2A08700E1D7C3 /* Release */ = {
			isa = XCBuildConfiguration;
			buildSettings = {
				GCC_PRECOMPILE_PREFIX_HEADER = YES;
				GCC_PREFIX_HEADER = "BlackmailBox/BlackmailBox-Prefix.pch";
				INFOPLIST_FILE = "BlackmailBox/BlackmailBox-Info.plist";
				PRODUCT_NAME = "$(TARGET_NAME)";
				WRAPPER_EXTENSION = app;
			};
			name = Release;
		};
		4EC1C8AB16E2A08700E1D7C3 /* Debug */ = {
			isa = XCBuildConfiguration;
			buildSettings = {
				BUNDLE_LOADER = "$(BUILT_PRODUCTS_DIR)/BlackmailBox.app/BlackmailBox";
				FRAMEWORK_SEARCH_PATHS = (
					"\"$(SDKROOT)/Developer/Library/Frameworks\"",
					"\"$(DEVELOPER_LIBRARY_DIR)/Frameworks\"",
				);
				GCC_PRECOMPILE_PREFIX_HEADER = YES;
				GCC_PREFIX_HEADER = "BlackmailBox/BlackmailBox-Prefix.pch";
				INFOPLIST_FILE = "BlackmailBoxTests/BlackmailBoxTests-Info.plist";
				PRODUCT_NAME = "$(TARGET_NAME)";
				TEST_HOST = "$(BUNDLE_LOADER)";
				WRAPPER_EXTENSION = octest;
			};
			name = Debug;
		};
		4EC1C8AC16E2A08700E1D7C3 /* Release */ = {
			isa = XCBuildConfiguration;
			buildSettings = {
				BUNDLE_LOADER = "$(BUILT_PRODUCTS_DIR)/BlackmailBox.app/BlackmailBox";
				FRAMEWORK_SEARCH_PATHS = (
					"\"$(SDKROOT)/Developer/Library/Frameworks\"",
					"\"$(DEVELOPER_LIBRARY_DIR)/Frameworks\"",
				);
				GCC_PRECOMPILE_PREFIX_HEADER = YES;
				GCC_PREFIX_HEADER = "BlackmailBox/BlackmailBox-Prefix.pch";
				INFOPLIST_FILE = "BlackmailBoxTests/BlackmailBoxTests-Info.plist";
				PRODUCT_NAME = "$(TARGET_NAME)";
				TEST_HOST = "$(BUNDLE_LOADER)";
				WRAPPER_EXTENSION = octest;
			};
			name = Release;
		};
/* End XCBuildConfiguration section */

/* Begin XCConfigurationList section */
		4EC1C86A16E2A08700E1D7C3 /* Build configuration list for PBXProject "BlackmailBox" */ = {
			isa = XCConfigurationList;
			buildConfigurations = (
				4EC1C8A516E2A08700E1D7C3 /* Debug */,
				4EC1C8A616E2A08700E1D7C3 /* Release */,
			);
			defaultConfigurationIsVisible = 0;
			defaultConfigurationName = Release;
		};
		4EC1C8A716E2A08700E1D7C3 /* Build configuration list for PBXNativeTarget "BlackmailBox" */ = {
			isa = XCConfigurationList;
			buildConfigurations = (
				4EC1C8A816E2A08700E1D7C3 /* Debug */,
				4EC1C8A916E2A08700E1D7C3 /* Release */,
			);
			defaultConfigurationIsVisible = 0;
			defaultConfigurationName = Release;
		};
		4EC1C8AA16E2A08700E1D7C3 /* Build configuration list for PBXNativeTarget "BlackmailBoxTests" */ = {
			isa = XCConfigurationList;
			buildConfigurations = (
				4EC1C8AB16E2A08700E1D7C3 /* Debug */,
				4EC1C8AC16E2A08700E1D7C3 /* Release */,
			);
			defaultConfigurationIsVisible = 0;
			defaultConfigurationName = Release;
		};
/* End XCConfigurationList section */

/* Begin XCVersionGroup section */
		4EC1C8B116E2B15700E1D7C3 /* BlackmailBox.xcdatamodeld */ = {
			isa = XCVersionGroup;
			children = (
				4EC1C8B216E2B15700E1D7C3 /* BlackmailBox.xcdatamodel */,
			);
			currentVersion = 4EC1C8B216E2B15700E1D7C3 /* BlackmailBox.xcdatamodel */;
			path = BlackmailBox.xcdatamodeld;
			sourceTree = "<group>";
			versionGroupType = wrapper.xcdatamodel;
		};
/* End XCVersionGroup section */
	};
	rootObject = 4EC1C86716E2A08700E1D7C3 /* Project object */;
}
